
Microsoft Visual Studio Solution File, Format Version 12.00
# Visual Studio 14
VisualStudioVersion = 14.0.23107.0
MinimumVisualStudioVersion = 10.0.40219.1
Project("{2150E333-8FDC-42A3-9474-1A3956D46DE8}") = "Engine", "Engine", "{742BE970-7861-4B5C-8E0F-7463149C5B46}"
EndProject
Project("{2150E333-8FDC-42A3-9474-1A3956D46DE8}") = "Games", "Games", "{4FCB5EF0-53CC-43F1-B914-7C3BFE178B8F}"
EndProject
Project("{8BC9CEB8-8B4A-11D0-8D11-00A0C91BC942}") = "UE4", "Intermediate\ProjectFiles\UE4.vcxproj", "{C6B68AC1-35C5-4CCF-87D1-C8C34FBCA387}"
EndProject
Project("{8BC9CEB8-8B4A-11D0-8D11-00A0C91BC942}") = "Traveller", "Intermediate\ProjectFiles\Traveller.vcxproj", "{CDDFDDE7-C09E-445B-849E-6B4B27F9972D}"
EndProject
Global
	GlobalSection(SolutionConfigurationPlatforms) = preSolution
		DebugGame Editor|HTML5 = DebugGame Editor|HTML5
		DebugGame Editor|IOS = DebugGame Editor|IOS
		DebugGame Editor|Win32 = DebugGame Editor|Win32
		DebugGame Editor|Win64 = DebugGame Editor|Win64
		DebugGame|HTML5 = DebugGame|HTML5
		DebugGame|IOS = DebugGame|IOS
		DebugGame|Win32 = DebugGame|Win32
		DebugGame|Win64 = DebugGame|Win64
		Development Editor|HTML5 = Development Editor|HTML5
		Development Editor|IOS = Development Editor|IOS
		Development Editor|Win32 = Development Editor|Win32
		Development Editor|Win64 = Development Editor|Win64
		Development|HTML5 = Development|HTML5
		Development|IOS = Development|IOS
		Development|Win32 = Development|Win32
		Development|Win64 = Development|Win64
		Shipping|HTML5 = Shipping|HTML5
		Shipping|IOS = Shipping|IOS
		Shipping|Win32 = Shipping|Win32
		Shipping|Win64 = Shipping|Win64
	EndGlobalSection
	GlobalSection(ProjectConfigurationPlatforms) = postSolution
		{C6B68AC1-35C5-4CCF-87D1-C8C34FBCA387}.DebugGame Editor|HTML5.ActiveCfg = BuiltWithUnrealBuildTool|Win32
		{C6B68AC1-35C5-4CCF-87D1-C8C34FBCA387}.DebugGame Editor|HTML5.Build.0 = BuiltWithUnrealBuildTool|Win32
		{C6B68AC1-35C5-4CCF-87D1-C8C34FBCA387}.DebugGame Editor|IOS.ActiveCfg = BuiltWithUnrealBuildTool|Win32
		{C6B68AC1-35C5-4CCF-87D1-C8C34FBCA387}.DebugGame Editor|IOS.Build.0 = BuiltWithUnrealBuildTool|Win32
		{C6B68AC1-35C5-4CCF-87D1-C8C34FBCA387}.DebugGame Editor|Win32.ActiveCfg = BuiltWithUnrealBuildTool|Win32
		{C6B68AC1-35C5-4CCF-87D1-C8C34FBCA387}.DebugGame Editor|Win32.Build.0 = BuiltWithUnrealBuildTool|Win32
		{C6B68AC1-35C5-4CCF-87D1-C8C34FBCA387}.DebugGame Editor|Win64.ActiveCfg = BuiltWithUnrealBuildTool|Win32
		{C6B68AC1-35C5-4CCF-87D1-C8C34FBCA387}.DebugGame Editor|Win64.Build.0 = BuiltWithUnrealBuildTool|Win32
		{C6B68AC1-35C5-4CCF-87D1-C8C34FBCA387}.DebugGame|HTML5.ActiveCfg = BuiltWithUnrealBuildTool|Win32
		{C6B68AC1-35C5-4CCF-87D1-C8C34FBCA387}.DebugGame|HTML5.Build.0 = BuiltWithUnrealBuildTool|Win32
		{C6B68AC1-35C5-4CCF-87D1-C8C34FBCA387}.DebugGame|IOS.ActiveCfg = BuiltWithUnrealBuildTool|Win32
		{C6B68AC1-35C5-4CCF-87D1-C8C34FBCA387}.DebugGame|IOS.Build.0 = BuiltWithUnrealBuildTool|Win32
		{C6B68AC1-35C5-4CCF-87D1-C8C34FBCA387}.DebugGame|Win32.ActiveCfg = BuiltWithUnrealBuildTool|Win32
		{C6B68AC1-35C5-4CCF-87D1-C8C34FBCA387}.DebugGame|Win32.Build.0 = BuiltWithUnrealBuildTool|Win32
		{C6B68AC1-35C5-4CCF-87D1-C8C34FBCA387}.DebugGame|Win64.ActiveCfg = BuiltWithUnrealBuildTool|Win32
		{C6B68AC1-35C5-4CCF-87D1-C8C34FBCA387}.DebugGame|Win64.Build.0 = BuiltWithUnrealBuildTool|Win32
		{C6B68AC1-35C5-4CCF-87D1-C8C34FBCA387}.Development Editor|HTML5.ActiveCfg = BuiltWithUnrealBuildTool|Win32
		{C6B68AC1-35C5-4CCF-87D1-C8C34FBCA387}.Development Editor|HTML5.Build.0 = BuiltWithUnrealBuildTool|Win32
		{C6B68AC1-35C5-4CCF-87D1-C8C34FBCA387}.Development Editor|IOS.ActiveCfg = BuiltWithUnrealBuildTool|Win32
		{C6B68AC1-35C5-4CCF-87D1-C8C34FBCA387}.Development Editor|IOS.Build.0 = BuiltWithUnrealBuildTool|Win32
		{C6B68AC1-35C5-4CCF-87D1-C8C34FBCA387}.Development Editor|Win32.ActiveCfg = BuiltWithUnrealBuildTool|Win32
		{C6B68AC1-35C5-4CCF-87D1-C8C34FBCA387}.Development Editor|Win32.Build.0 = BuiltWithUnrealBuildTool|Win32
		{C6B68AC1-35C5-4CCF-87D1-C8C34FBCA387}.Development Editor|Win64.ActiveCfg = BuiltWithUnrealBuildTool|Win32
		{C6B68AC1-35C5-4CCF-87D1-C8C34FBCA387}.Development Editor|Win64.Build.0 = BuiltWithUnrealBuildTool|Win32
		{C6B68AC1-35C5-4CCF-87D1-C8C34FBCA387}.Development|HTML5.ActiveCfg = BuiltWithUnrealBuildTool|Win32
		{C6B68AC1-35C5-4CCF-87D1-C8C34FBCA387}.Development|HTML5.Build.0 = BuiltWithUnrealBuildTool|Win32
		{C6B68AC1-35C5-4CCF-87D1-C8C34FBCA387}.Development|IOS.ActiveCfg = BuiltWithUnrealBuildTool|Win32
		{C6B68AC1-35C5-4CCF-87D1-C8C34FBCA387}.Development|IOS.Build.0 = BuiltWithUnrealBuildTool|Win32
		{C6B68AC1-35C5-4CCF-87D1-C8C34FBCA387}.Development|Win32.ActiveCfg = BuiltWithUnrealBuildTool|Win32
		{C6B68AC1-35C5-4CCF-87D1-C8C34FBCA387}.Development|Win32.Build.0 = BuiltWithUnrealBuildTool|Win32
		{C6B68AC1-35C5-4CCF-87D1-C8C34FBCA387}.Development|Win64.ActiveCfg = BuiltWithUnrealBuildTool|Win32
		{C6B68AC1-35C5-4CCF-87D1-C8C34FBCA387}.Development|Win64.Build.0 = BuiltWithUnrealBuildTool|Win32
		{C6B68AC1-35C5-4CCF-87D1-C8C34FBCA387}.Shipping|HTML5.ActiveCfg = BuiltWithUnrealBuildTool|Win32
		{C6B68AC1-35C5-4CCF-87D1-C8C34FBCA387}.Shipping|HTML5.Build.0 = BuiltWithUnrealBuildTool|Win32
		{C6B68AC1-35C5-4CCF-87D1-C8C34FBCA387}.Shipping|IOS.ActiveCfg = BuiltWithUnrealBuildTool|Win32
		{C6B68AC1-35C5-4CCF-87D1-C8C34FBCA387}.Shipping|IOS.Build.0 = BuiltWithUnrealBuildTool|Win32
		{C6B68AC1-35C5-4CCF-87D1-C8C34FBCA387}.Shipping|Win32.ActiveCfg = BuiltWithUnrealBuildTool|Win32
		{C6B68AC1-35C5-4CCF-87D1-C8C34FBCA387}.Shipping|Win32.Build.0 = BuiltWithUnrealBuildTool|Win32
		{C6B68AC1-35C5-4CCF-87D1-C8C34FBCA387}.Shipping|Win64.ActiveCfg = BuiltWithUnrealBuildTool|Win32
		{C6B68AC1-35C5-4CCF-87D1-C8C34FBCA387}.Shipping|Win64.Build.0 = BuiltWithUnrealBuildTool|Win32
		{CDDFDDE7-C09E-445B-849E-6B4B27F9972D}.DebugGame Editor|HTML5.ActiveCfg = HTML5_DebugGame_Editor|Win32
		{CDDFDDE7-C09E-445B-849E-6B4B27F9972D}.DebugGame Editor|IOS.ActiveCfg = IOS_DebugGame_Editor|Win32
		{CDDFDDE7-C09E-445B-849E-6B4B27F9972D}.DebugGame Editor|Win32.ActiveCfg = DebugGame_Editor|Win32
		{CDDFDDE7-C09E-445B-849E-6B4B27F9972D}.DebugGame Editor|Win64.ActiveCfg = DebugGame_Editor|x64
		{CDDFDDE7-C09E-445B-849E-6B4B27F9972D}.DebugGame Editor|Win64.Build.0 = DebugGame_Editor|x64
		{CDDFDDE7-C09E-445B-849E-6B4B27F9972D}.DebugGame|HTML5.ActiveCfg = HTML5_DebugGame_Game|Win32
		{CDDFDDE7-C09E-445B-849E-6B4B27F9972D}.DebugGame|HTML5.Build.0 = HTML5_DebugGame_Game|Win32
		{CDDFDDE7-C09E-445B-849E-6B4B27F9972D}.DebugGame|IOS.ActiveCfg = IOS_DebugGame_Game|Win32
		{CDDFDDE7-C09E-445B-849E-6B4B27F9972D}.DebugGame|IOS.Build.0 = IOS_DebugGame_Game|Win32
		{CDDFDDE7-C09E-445B-849E-6B4B27F9972D}.DebugGame|Win32.ActiveCfg = DebugGame_Game|Win32
		{CDDFDDE7-C09E-445B-849E-6B4B27F9972D}.DebugGame|Win32.Build.0 = DebugGame_Game|Win32
		{CDDFDDE7-C09E-445B-849E-6B4B27F9972D}.DebugGame|Win64.ActiveCfg = DebugGame_Game|x64
		{CDDFDDE7-C09E-445B-849E-6B4B27F9972D}.DebugGame|Win64.Build.0 = DebugGame_Game|x64
		{CDDFDDE7-C09E-445B-849E-6B4B27F9972D}.Development Editor|HTML5.ActiveCfg = HTML5_Development_Editor|Win32
		{CDDFDDE7-C09E-445B-849E-6B4B27F9972D}.Development Editor|IOS.ActiveCfg = IOS_Development_Editor|Win32
		{CDDFDDE7-C09E-445B-849E-6B4B27F9972D}.Development Editor|Win32.ActiveCfg = Development_Editor|Win32
		{CDDFDDE7-C09E-445B-849E-6B4B27F9972D}.Development Editor|Win64.ActiveCfg = Development_Editor|x64
		{CDDFDDE7-C09E-445B-849E-6B4B27F9972D}.Development Editor|Win64.Build.0 = Development_Editor|x64
		{CDDFDDE7-C09E-445B-849E-6B4B27F9972D}.Development|HTML5.ActiveCfg = HTML5_Development_Game|Win32
		{CDDFDDE7-C09E-445B-849E-6B4B27F9972D}.Development|HTML5.Build.0 = HTML5_Development_Game|Win32
		{CDDFDDE7-C09E-445B-849E-6B4B27F9972D}.Development|IOS.ActiveCfg = IOS_Development_Game|Win32
		{CDDFDDE7-C09E-445B-849E-6B4B27F9972D}.Development|IOS.Build.0 = IOS_Development_Game|Win32
		{CDDFDDE7-C09E-445B-849E-6B4B27F9972D}.Development|Win32.ActiveCfg = Development_Game|Win32
		{CDDFDDE7-C09E-445B-849E-6B4B27F9972D}.Development|Win32.Build.0 = Development_Game|Win32
		{CDDFDDE7-C09E-445B-849E-6B4B27F9972D}.Development|Win64.ActiveCfg = Development_Game|x64
		{CDDFDDE7-C09E-445B-849E-6B4B27F9972D}.Development|Win64.Build.0 = Development_Game|x64
		{CDDFDDE7-C09E-445B-849E-6B4B27F9972D}.Shipping|HTML5.ActiveCfg = HTML5_Shipping_Game|Win32
		{CDDFDDE7-C09E-445B-849E-6B4B27F9972D}.Shipping|HTML5.Build.0 = HTML5_Shipping_Game|Win32
		{CDDFDDE7-C09E-445B-849E-6B4B27F9972D}.Shipping|IOS.ActiveCfg = IOS_Shipping_Game|Win32
		{CDDFDDE7-C09E-445B-849E-6B4B27F9972D}.Shipping|IOS.Build.0 = IOS_Shipping_Game|Win32
		{CDDFDDE7-C09E-445B-849E-6B4B27F9972D}.Shipping|Win32.ActiveCfg = Shipping_Game|Win32
		{CDDFDDE7-C09E-445B-849E-6B4B27F9972D}.Shipping|Win32.Build.0 = Shipping_Game|Win32
		{CDDFDDE7-C09E-445B-849E-6B4B27F9972D}.Shipping|Win64.ActiveCfg = Shipping_Game|x64
		{CDDFDDE7-C09E-445B-849E-6B4B27F9972D}.Shipping|Win64.Build.0 = Shipping_Game|x64
	EndGlobalSection
	GlobalSection(SolutionProperties) = preSolution
		HideSolutionNode = FALSE
	EndGlobalSection
	GlobalSection(NestedProjects) = preSolution
		{C6B68AC1-35C5-4CCF-87D1-C8C34FBCA387} = {742BE970-7861-4B5C-8E0F-7463149C5B46}
		{CDDFDDE7-C09E-445B-849E-6B4B27F9972D} = {4FCB5EF0-53CC-43F1-B914-7C3BFE178B8F}
	EndGlobalSection
EndGlobal
